lockfileVersion: 5.3

specifiers:
  '@babel/runtime': 7.13.8
  '@lexical/react': 0.2.1
  '@lexical/selection': ^0.2.3
  lexical: 0.2.1
  react: 18.0.0
  react-dom: 18.0.0
  typescript: ^4.6.3
  vite: ^2.9.5

dependencies:
  '@lexical/react': 0.2.1_5ee69bbe89ef087f628b97d2812cf2da
  '@lexical/selection': 0.2.3_lexical@0.2.1
  lexical: 0.2.1
  react: 18.0.0
  react-dom: 18.0.0_react@18.0.0
  vite: 2.9.5

devDependencies:
  '@babel/runtime': 7.13.8
  typescript: 4.6.3

packages:

  /@babel/runtime/7.13.8:
    resolution: {integrity: sha512-CwQljpw6qSayc0fRG1soxHAKs1CnQMOChm4mlQP6My0kf9upVGizj/KhlTTgyUnETmHpcUXjaluNAkteRFuafg==}
    dependencies:
      regenerator-runtime: 0.13.9
    dev: true

  /@lexical/clipboard/0.2.1_lexical@0.2.1:
    resolution: {integrity: sha512-r2r8TwYLnM0i+//oQlUSz9IK/FrDrMi+mW3K2L9enjimV+HqXhdSqxQQspMjZ8ULE/lVRzf3aDFgP2p61Fn7nQ==}
    peerDependencies:
      lexical: 0.2.1
    dependencies:
      '@lexical/selection': 0.2.1_lexical@0.2.1
      '@lexical/utils': 0.2.1_lexical@0.2.1
      lexical: 0.2.1
    dev: false

  /@lexical/code/0.2.1_lexical@0.2.1:
    resolution: {integrity: sha512-Z76KwRoI/eAKvpqPI0uHljQuY/DE0+fNqWDvl01nTKjMz5taU0a2LptzOxdRR9juRvKMAgVihKMBoXaC41QlVw==}
    peerDependencies:
      lexical: 0.2.1
    dependencies:
      '@lexical/utils': 0.2.1_lexical@0.2.1
      lexical: 0.2.1
      prismjs: 1.28.0
    dev: false

  /@lexical/dragon/0.2.1_lexical@0.2.1:
    resolution: {integrity: sha512-je0uq9S6JGLBChwJrmSLOM04QOl5cCzC4zPNh8D7fGUFuw7W15uo9cdqmSEIgXsi3u1AkbTfAsf/QUzqHPLriQ==}
    peerDependencies:
      lexical: 0.2.1
    dependencies:
      lexical: 0.2.1
    dev: false

  /@lexical/hashtag/0.2.1_lexical@0.2.1:
    resolution: {integrity: sha512-tDPU5ViCzNDCqhPZFKZwoBeuxjv20hc8usLv582ouGgpBHK9B+SF8IPepklAvYNhbt33JQDczmyHbcw4kognbg==}
    peerDependencies:
      lexical: 0.2.1
    dependencies:
      '@lexical/utils': 0.2.1_lexical@0.2.1
      lexical: 0.2.1
    dev: false

  /@lexical/history/0.2.1_lexical@0.2.1:
    resolution: {integrity: sha512-6IZc89QnY4hZw8xbdPEcwKBPJeSpqLR1f6nGnSyu3MgcHc4DcE0vDtdwPnvOON0mWpseWdFiYFWaudFFqBeyAQ==}
    peerDependencies:
      lexical: 0.2.1
    dependencies:
      '@lexical/utils': 0.2.1_lexical@0.2.1
      lexical: 0.2.1
    dev: false

  /@lexical/link/0.2.1_lexical@0.2.1:
    resolution: {integrity: sha512-91eID3LUVj07epPI98MhSVXlqMhbmPHFi/khaekYfx+STtMKMVyiPf9txxsVUKIgajfCopWSVUqu9ZdT+R7ZnQ==}
    peerDependencies:
      lexical: 0.2.1
    dependencies:
      '@lexical/utils': 0.2.1_lexical@0.2.1
      lexical: 0.2.1
    dev: false

  /@lexical/list/0.2.1_lexical@0.2.1:
    resolution: {integrity: sha512-jRly4P0ClYZtKDXzmhPaDBFXYlTqXc2XooqKjdYff/0TLoVaMdZJJL4YrbBsFSIFhwuMTeb4qJNRaFLca49xhg==}
    peerDependencies:
      lexical: 0.2.1
    dependencies:
      '@lexical/utils': 0.2.1_lexical@0.2.1
      lexical: 0.2.1
    dev: false

  /@lexical/markdown/0.2.1_fefd11ca4094c1a9ed449d836ef73a83:
    resolution: {integrity: sha512-CcEW6FfbBPLS/SSlR7vPs6OQjY0V9IbRwW2mBc02mA5xnwwNWr+SaiK7yoC2g6geX65PgTdEnz6jjmH6h86CwA==}
    peerDependencies:
      lexical: 0.2.1
    dependencies:
      '@lexical/code': 0.2.1_lexical@0.2.1
      '@lexical/link': 0.2.1_lexical@0.2.1
      '@lexical/list': 0.2.1_lexical@0.2.1
      '@lexical/rich-text': 0.2.1_76d8601950cd7390a6185da6aac3b1bf
      '@lexical/text': 0.2.1_lexical@0.2.1
      '@lexical/utils': 0.2.1_lexical@0.2.1
      lexical: 0.2.1
    transitivePeerDependencies:
      - '@lexical/clipboard'
      - '@lexical/selection'
    dev: false

  /@lexical/offset/0.2.1_lexical@0.2.1:
    resolution: {integrity: sha512-gHKc8cWtc2GuBeZKC7DtCgIo/eYGI0VZ8WghNNB38m0JxUXw2PSoJ2ma8ih+TLSZDiw1XEzYxs2f9Ai1YbGR3w==}
    peerDependencies:
      lexical: 0.2.1
    dependencies:
      lexical: 0.2.1
    dev: false

  /@lexical/overflow/0.2.1_lexical@0.2.1:
    resolution: {integrity: sha512-WJdX/a6Jd6flZEbBnKpb6srsLjaE7H2kigu1t0CVphoMRGIomSgwvGv6VFWE6ttNyOmHbqVPefcfpQZN3eZFag==}
    peerDependencies:
      lexical: 0.2.1
    dependencies:
      lexical: 0.2.1
    dev: false

  /@lexical/plain-text/0.2.1_76d8601950cd7390a6185da6aac3b1bf:
    resolution: {integrity: sha512-OP3GwRbjNSihrCF5D/TWL83YeNMuLI3y+Hk+Ezgl/Zc30uyCVSeKYn8zozu6cillVtSrOQDtv8D96AM0VytKnw==}
    peerDependencies:
      '@lexical/clipboard': 0.2.1
      '@lexical/selection': 0.2.1
      '@lexical/utils': 0.2.1
      lexical: 0.2.1
    dependencies:
      '@lexical/clipboard': 0.2.1_lexical@0.2.1
      '@lexical/selection': 0.2.1_lexical@0.2.1
      '@lexical/utils': 0.2.1_lexical@0.2.1
      lexical: 0.2.1
    dev: false

  /@lexical/react/0.2.1_5ee69bbe89ef087f628b97d2812cf2da:
    resolution: {integrity: sha512-urCOmdvHh5sLgo+ctN5WzoHNTc5e9xoyoYH0gy8Dcw1OCQJoyxRibigcrXIlRhC/X7bwrY59PDpvnIDLLouqHg==}
    peerDependencies:
      lexical: 0.2.1
      react: '>=17.x'
      react-dom: '>=17.x'
    dependencies:
      '@lexical/clipboard': 0.2.1_lexical@0.2.1
      '@lexical/code': 0.2.1_lexical@0.2.1
      '@lexical/dragon': 0.2.1_lexical@0.2.1
      '@lexical/hashtag': 0.2.1_lexical@0.2.1
      '@lexical/history': 0.2.1_lexical@0.2.1
      '@lexical/link': 0.2.1_lexical@0.2.1
      '@lexical/list': 0.2.1_lexical@0.2.1
      '@lexical/markdown': 0.2.1_fefd11ca4094c1a9ed449d836ef73a83
      '@lexical/overflow': 0.2.1_lexical@0.2.1
      '@lexical/plain-text': 0.2.1_76d8601950cd7390a6185da6aac3b1bf
      '@lexical/rich-text': 0.2.1_76d8601950cd7390a6185da6aac3b1bf
      '@lexical/selection': 0.2.1_lexical@0.2.1
      '@lexical/table': 0.2.1_lexical@0.2.1
      '@lexical/text': 0.2.1_lexical@0.2.1
      '@lexical/utils': 0.2.1_lexical@0.2.1
      '@lexical/yjs': 0.2.1_lexical@0.2.1
      lexical: 0.2.1
      react: 18.0.0
      react-dom: 18.0.0_react@18.0.0
    transitivePeerDependencies:
      - yjs
    dev: false

  /@lexical/rich-text/0.2.1_76d8601950cd7390a6185da6aac3b1bf:
    resolution: {integrity: sha512-YJYnm6LEeiduRb+nNrrKj2g4nKtFTd3v0s0MiJB+/8id5OY0VQWWIUZym1g/cfG1obXOMSGEsqgUR+l/14TjOA==}
    peerDependencies:
      '@lexical/clipboard': 0.2.1
      '@lexical/selection': 0.2.1
      '@lexical/utils': 0.2.1
      lexical: 0.2.1
    dependencies:
      '@lexical/clipboard': 0.2.1_lexical@0.2.1
      '@lexical/selection': 0.2.1_lexical@0.2.1
      '@lexical/utils': 0.2.1_lexical@0.2.1
      lexical: 0.2.1
    dev: false

  /@lexical/selection/0.2.1_lexical@0.2.1:
    resolution: {integrity: sha512-WsulHJV8lQRCDb4oTWlPLF2/C0SLc38h+5WHag85A9/xFwLOpl8xxKYZkhbAmda9jUsr7h2/SY/1FS4xTxk0Dg==}
    peerDependencies:
      lexical: 0.2.1
    dependencies:
      lexical: 0.2.1
    dev: false

  /@lexical/selection/0.2.3_lexical@0.2.1:
    resolution: {integrity: sha512-lWLdVLJVDu0+3uuOjW0by9V9Vic2fidow4tf7RoWHoMpPGLOJvHqhqXs5VaArixLdxbfdkqaq4yPPaib1eQjxw==}
    peerDependencies:
      lexical: 0.2.3
    dependencies:
      lexical: 0.2.1
    dev: false

  /@lexical/table/0.2.1_lexical@0.2.1:
    resolution: {integrity: sha512-fLwaZQBwkNWTMcMUf7xdBTAv/iwsRhGlqHqXPGELf7nr31H/RcWis7VMtFFFC6bXm2l8AaqwHk9tmGKlzlspnA==}
    peerDependencies:
      lexical: 0.2.1
    dependencies:
      '@lexical/utils': 0.2.1_lexical@0.2.1
      lexical: 0.2.1
    dev: false

  /@lexical/text/0.2.1_lexical@0.2.1:
    resolution: {integrity: sha512-5x3TvlXw7HJjHLbgYcwkJPc9TVs755BhGH8k9C6lFFUlk28wEzSRBFkna9CchrVqF52jDjJKLu6+hkIGNdsYbg==}
    peerDependencies:
      lexical: 0.2.1
    dependencies:
      lexical: 0.2.1
    dev: false

  /@lexical/utils/0.2.1_lexical@0.2.1:
    resolution: {integrity: sha512-P1O0uN7U3vVTk4pqaobP+MF9RkXtSCseIEyLZMgBgoPAS+TcelXeVgbhTjP2H67yss9cNRlCseqF3/anexPCVg==}
    peerDependencies:
      lexical: 0.2.1
    dependencies:
      '@lexical/list': 0.2.1_lexical@0.2.1
      '@lexical/table': 0.2.1_lexical@0.2.1
      lexical: 0.2.1
    dev: false

  /@lexical/yjs/0.2.1_lexical@0.2.1:
    resolution: {integrity: sha512-aRV4W68PVjVF/FdcvokN+6bZoql6dsy9BTwopcggpc2wqLTCQn0cd8knZ81zmR00D+1achxnCVpoQzRdik6cJA==}
    peerDependencies:
      lexical: 0.2.1
      yjs: '>=13.5.22'
    dependencies:
      '@lexical/offset': 0.2.1_lexical@0.2.1
      lexical: 0.2.1
    dev: false

  /esbuild-android-64/0.14.36:
    resolution: {integrity: sha512-jwpBhF1jmo0tVCYC/ORzVN+hyVcNZUWuozGcLHfod0RJCedTDTvR4nwlTXdx1gtncDqjk33itjO+27OZHbiavw==}
    engines: {node: '>=12'}
    cpu: [x64]
    os: [android]
    requiresBuild: true
    dev: false
    optional: true

  /esbuild-android-arm64/0.14.36:
    resolution: {integrity: sha512-/hYkyFe7x7Yapmfv4X/tBmyKnggUmdQmlvZ8ZlBnV4+PjisrEhAvC3yWpURuD9XoB8Wa1d5dGkTsF53pIvpjsg==}
    engines: {node: '>=12'}
    cpu: [arm64]
    os: [android]
    requiresBuild: true
    dev: false
    optional: true

  /esbuild-darwin-64/0.14.36:
    resolution: {integrity: sha512-kkl6qmV0dTpyIMKagluzYqlc1vO0ecgpviK/7jwPbRDEv5fejRTaBBEE2KxEQbTHcLhiiDbhG7d5UybZWo/1zQ==}
    engines: {node: '>=12'}
    cpu: [x64]
    os: [darwin]
    requiresBuild: true
    dev: false
    optional: true

  /esbuild-darwin-arm64/0.14.36:
    resolution: {integrity: sha512-q8fY4r2Sx6P0Pr3VUm//eFYKVk07C5MHcEinU1BjyFnuYz4IxR/03uBbDwluR6ILIHnZTE7AkTUWIdidRi1Jjw==}
    engines: {node: '>=12'}
    cpu: [arm64]
    os: [darwin]
    requiresBuild: true
    dev: false
    optional: true

  /esbuild-freebsd-64/0.14.36:
    resolution: {integrity: sha512-Hn8AYuxXXRptybPqoMkga4HRFE7/XmhtlQjXFHoAIhKUPPMeJH35GYEUWGbjteai9FLFvBAjEAlwEtSGxnqWww==}
    engines: {node: '>=12'}
    cpu: [x64]
    os: [freebsd]
    requiresBuild: true
    dev: false
    optional: true

  /esbuild-freebsd-arm64/0.14.36:
    resolution: {integrity: sha512-S3C0attylLLRiCcHiJd036eDEMOY32+h8P+jJ3kTcfhJANNjP0TNBNL30TZmEdOSx/820HJFgRrqpNAvTbjnDA==}
    engines: {node: '>=12'}
    cpu: [arm64]
    os: [freebsd]
    requiresBuild: true
    dev: false
    optional: true

  /esbuild-linux-32/0.14.36:
    resolution: {integrity: sha512-Eh9OkyTrEZn9WGO4xkI3OPPpUX7p/3QYvdG0lL4rfr73Ap2HAr6D9lP59VMF64Ex01LhHSXwIsFG/8AQjh6eNw==}
    engines: {node: '>=12'}
    cpu: [ia32]
    os: [linux]
    requiresBuild: true
    dev: false
    optional: true

  /esbuild-linux-64/0.14.36:
    resolution: {integrity: sha512-vFVFS5ve7PuwlfgoWNyRccGDi2QTNkQo/2k5U5ttVD0jRFaMlc8UQee708fOZA6zTCDy5RWsT5MJw3sl2X6KDg==}
    engines: {node: '>=12'}
    cpu: [x64]
    os: [linux]
    requiresBuild: true
    dev: false
    optional: true

  /esbuild-linux-arm/0.14.36:
    resolution: {integrity: sha512-NhgU4n+NCsYgt7Hy61PCquEz5aevI6VjQvxwBxtxrooXsxt5b2xtOUXYZe04JxqQo+XZk3d1gcr7pbV9MAQ/Lg==}
    engines: {node: '>=12'}
    cpu: [arm]
    os: [linux]
    requiresBuild: true
    dev: false
    optional: true

  /esbuild-linux-arm64/0.14.36:
    resolution: {integrity: sha512-24Vq1M7FdpSmaTYuu1w0Hdhiqkbto1I5Pjyi+4Cdw5fJKGlwQuw+hWynTcRI/cOZxBcBpP21gND7W27gHAiftw==}
    engines: {node: '>=12'}
    cpu: [arm64]
    os: [linux]
    requiresBuild: true
    dev: false
    optional: true

  /esbuild-linux-mips64le/0.14.36:
    resolution: {integrity: sha512-hZUeTXvppJN+5rEz2EjsOFM9F1bZt7/d2FUM1lmQo//rXh1RTFYzhC0txn7WV0/jCC7SvrGRaRz0NMsRPf8SIA==}
    engines: {node: '>=12'}
    cpu: [mips64el]
    os: [linux]
    requiresBuild: true
    dev: false
    optional: true

  /esbuild-linux-ppc64le/0.14.36:
    resolution: {integrity: sha512-1Bg3QgzZjO+QtPhP9VeIBhAduHEc2kzU43MzBnMwpLSZ890azr4/A9Dganun8nsqD/1TBcqhId0z4mFDO8FAvg==}
    engines: {node: '>=12'}
    cpu: [ppc64]
    os: [linux]
    requiresBuild: true
    dev: false
    optional: true

  /esbuild-linux-riscv64/0.14.36:
    resolution: {integrity: sha512-dOE5pt3cOdqEhaufDRzNCHf5BSwxgygVak9UR7PH7KPVHwSTDAZHDoEjblxLqjJYpc5XaU9+gKJ9F8mp9r5I4A==}
    engines: {node: '>=12'}
    cpu: [riscv64]
    os: [linux]
    requiresBuild: true
    dev: false
    optional: true

  /esbuild-linux-s390x/0.14.36:
    resolution: {integrity: sha512-g4FMdh//BBGTfVHjF6MO7Cz8gqRoDPzXWxRvWkJoGroKA18G9m0wddvPbEqcQf5Tbt2vSc1CIgag7cXwTmoTXg==}
    engines: {node: '>=12'}
    cpu: [s390x]
    os: [linux]
    requiresBuild: true
    dev: false
    optional: true

  /esbuild-netbsd-64/0.14.36:
    resolution: {integrity: sha512-UB2bVImxkWk4vjnP62ehFNZ73lQY1xcnL5ZNYF3x0AG+j8HgdkNF05v67YJdCIuUJpBuTyCK8LORCYo9onSW+A==}
    engines: {node: '>=12'}
    cpu: [x64]
    os: [netbsd]
    requiresBuild: true
    dev: false
    optional: true

  /esbuild-openbsd-64/0.14.36:
    resolution: {integrity: sha512-NvGB2Chf8GxuleXRGk8e9zD3aSdRO5kLt9coTQbCg7WMGXeX471sBgh4kSg8pjx0yTXRt0MlrUDnjVYnetyivg==}
    engines: {node: '>=12'}
    cpu: [x64]
    os: [openbsd]
    requiresBuild: true
    dev: false
    optional: true

  /esbuild-sunos-64/0.14.36:
    resolution: {integrity: sha512-VkUZS5ftTSjhRjuRLp+v78auMO3PZBXu6xl4ajomGenEm2/rGuWlhFSjB7YbBNErOchj51Jb2OK8lKAo8qdmsQ==}
    engines: {node: '>=12'}
    cpu: [x64]
    os: [sunos]
    requiresBuild: true
    dev: false
    optional: true

  /esbuild-windows-32/0.14.36:
    resolution: {integrity: sha512-bIar+A6hdytJjZrDxfMBUSEHHLfx3ynoEZXx/39nxy86pX/w249WZm8Bm0dtOAByAf4Z6qV0LsnTIJHiIqbw0w==}
    engines: {node: '>=12'}
    cpu: [ia32]
    os: [win32]
    requiresBuild: true
    dev: false
    optional: true

  /esbuild-windows-64/0.14.36:
    resolution: {integrity: sha512-+p4MuRZekVChAeueT1Y9LGkxrT5x7YYJxYE8ZOTcEfeUUN43vktSn6hUNsvxzzATrSgq5QqRdllkVBxWZg7KqQ==}
    engines: {node: '>=12'}
    cpu: [x64]
    os: [win32]
    requiresBuild: true
    dev: false
    optional: true

  /esbuild-windows-arm64/0.14.36:
    resolution: {integrity: sha512-fBB4WlDqV1m18EF/aheGYQkQZHfPHiHJSBYzXIo8yKehek+0BtBwo/4PNwKGJ5T0YK0oc8pBKjgwPbzSrPLb+Q==}
    engines: {node: '>=12'}
    cpu: [arm64]
    os: [win32]
    requiresBuild: true
    dev: false
    optional: true

  /esbuild/0.14.36:
    resolution: {integrity: sha512-HhFHPiRXGYOCRlrhpiVDYKcFJRdO0sBElZ668M4lh2ER0YgnkLxECuFe7uWCf23FrcLc59Pqr7dHkTqmRPDHmw==}
    engines: {node: '>=12'}
    hasBin: true
    requiresBuild: true
    optionalDependencies:
      esbuild-android-64: 0.14.36
      esbuild-android-arm64: 0.14.36
      esbuild-darwin-64: 0.14.36
      esbuild-darwin-arm64: 0.14.36
      esbuild-freebsd-64: 0.14.36
      esbuild-freebsd-arm64: 0.14.36
      esbuild-linux-32: 0.14.36
      esbuild-linux-64: 0.14.36
      esbuild-linux-arm: 0.14.36
      esbuild-linux-arm64: 0.14.36
      esbuild-linux-mips64le: 0.14.36
      esbuild-linux-ppc64le: 0.14.36
      esbuild-linux-riscv64: 0.14.36
      esbuild-linux-s390x: 0.14.36
      esbuild-netbsd-64: 0.14.36
      esbuild-openbsd-64: 0.14.36
      esbuild-sunos-64: 0.14.36
      esbuild-windows-32: 0.14.36
      esbuild-windows-64: 0.14.36
      esbuild-windows-arm64: 0.14.36
    dev: false

  /fsevents/2.3.2:
    resolution: {integrity: sha512-xiqMQR4xAeHTuB9uWm+fFRcIOgKBMiOBP+eXiyT7jsgVCq1bkVygt00oASowB7EdtpOHaaPgKt812P9ab+DDKA==}
    engines: {node: ^8.16.0 || ^10.6.0 || >=11.0.0}
    os: [darwin]
    requiresBuild: true
    dev: false
    optional: true

  /function-bind/1.1.1:
    resolution: {integrity: sha512-yIovAzMX49sF8Yl58fSCWJ5svSLuaibPxXQJFLmBObTuCr0Mf1KiPopGM9NiFjiYBCbfaa2Fh6breQ6ANVTI0A==}
    dev: false

  /has/1.0.3:
    resolution: {integrity: sha512-f2dvO0VU6Oej7RkWJGrehjbzMAjFp5/VKPp5tTpWIV4JHHZK1/BxbFRtf/siA2SWTe09caDmVtYYzWEIbBS4zw==}
    engines: {node: '>= 0.4.0'}
    dependencies:
      function-bind: 1.1.1
    dev: false

  /is-core-module/2.8.1:
    resolution: {integrity: sha512-SdNCUs284hr40hFTFP6l0IfZ/RSrMXF3qgoRHd3/79unUTvrFO/JoXwkGm+5J/Oe3E/b5GsnG330uUNgRpu1PA==}
    dependencies:
      has: 1.0.3
    dev: false

  /js-tokens/4.0.0:
    resolution: {integrity: sha512-RdJUflcE3cUzKiMqQgsCu06FPu9UdIJO0beYbPhHN4k6apgJtifcoCtT9bcxOpYBtpD2kCM6Sbzg4CausW/PKQ==}
    dev: false

  /lexical/0.2.1:
    resolution: {integrity: sha512-6GwyP+KByy6aMuS1Ri1fFD/7NHENnhEFutdT+4SGIZCau0RkzlUYz0izA7FPQHEn663w23h0op477UHvjzrJHQ==}
    dev: false

  /loose-envify/1.4.0:
    resolution: {integrity: sha512-lyuxPGr/Wfhrlem2CL/UcnUc1zcqKAImBDzukY7Y5F/yQiNdko6+fRLevlw1HgMySw7f611UIY408EtxRSoK3Q==}
    hasBin: true
    dependencies:
      js-tokens: 4.0.0
    dev: false

  /nanoid/3.3.2:
    resolution: {integrity: sha512-CuHBogktKwpm5g2sRgv83jEy2ijFzBwMoYA60orPDR7ynsLijJDqgsi4RDGj3OJpy3Ieb+LYwiRmIOGyytgITA==}
    engines: {node: ^10 || ^12 || ^13.7 || ^14 || >=15.0.1}
    hasBin: true
    dev: false

  /path-parse/1.0.7:
    resolution: {integrity: sha512-LDJzPVEEEPR+y48z93A0Ed0yXb8pAByGWo/k5YYdYgpY2/2EsOsksJrq7lOHxryrVOn1ejG6oAp8ahvOIQD8sw==}
    dev: false

  /picocolors/1.0.0:
    resolution: {integrity: sha512-1fygroTLlHu66zi26VoTDv8yRgm0Fccecssto+MhsZ0D/DGW2sm8E8AjW7NU5VVTRt5GxbeZ5qBuJr+HyLYkjQ==}
    dev: false

  /postcss/8.4.12:
    resolution: {integrity: sha512-lg6eITwYe9v6Hr5CncVbK70SoioNQIq81nsaG86ev5hAidQvmOeETBqs7jm43K2F5/Ley3ytDtriImV6TpNiSg==}
    engines: {node: ^10 || ^12 || >=14}
    dependencies:
      nanoid: 3.3.2
      picocolors: 1.0.0
      source-map-js: 1.0.2
    dev: false

  /prismjs/1.28.0:
    resolution: {integrity: sha512-8aaXdYvl1F7iC7Xm1spqSaY/OJBpYW3v+KJ+F17iYxvdc8sfjW194COK5wVhMZX45tGteiBQgdvD/nhxcRwylw==}
    engines: {node: '>=6'}
    dev: false

  /react-dom/18.0.0_react@18.0.0:
    resolution: {integrity: sha512-XqX7uzmFo0pUceWFCt7Gff6IyIMzFUn7QMZrbrQfGxtaxXZIcGQzoNpRLE3fQLnS4XzLLPMZX2T9TRcSrasicw==}
    peerDependencies:
      react: ^18.0.0
    dependencies:
      loose-envify: 1.4.0
      react: 18.0.0
      scheduler: 0.21.0
    dev: false

  /react/18.0.0:
    resolution: {integrity: sha512-x+VL6wbT4JRVPm7EGxXhZ8w8LTROaxPXOqhlGyVSrv0sB1jkyFGgXxJ8LVoPRLvPR6/CIZGFmfzqUa2NYeMr2A==}
    engines: {node: '>=0.10.0'}
    dependencies:
      loose-envify: 1.4.0
    dev: false

  /regenerator-runtime/0.13.9:
    resolution: {integrity: sha512-p3VT+cOEgxFsRRA9X4lkI1E+k2/CtnKtU4gcxyaCUreilL/vqI6CdZ3wxVUx3UOUg+gnUOQQcRI7BmSI656MYA==}
    dev: true

  /resolve/1.22.0:
    resolution: {integrity: sha512-Hhtrw0nLeSrFQ7phPp4OOcVjLPIeMnRlr5mcnVuMe7M/7eBn98A3hmFRLoFo3DLZkivSYwhRUJTyPyWAk56WLw==}
    hasBin: true
    dependencies:
      is-core-module: 2.8.1
      path-parse: 1.0.7
      supports-preserve-symlinks-flag: 1.0.0
    dev: false

  /rollup/2.70.2:
    resolution: {integrity: sha512-EitogNZnfku65I1DD5Mxe8JYRUCy0hkK5X84IlDtUs+O6JRMpRciXTzyCUuX11b5L5pvjH+OmFXiQ3XjabcXgg==}
    engines: {node: '>=10.0.0'}
    hasBin: true
    optionalDependencies:
      fsevents: 2.3.2
    dev: false

  /scheduler/0.21.0:
    resolution: {integrity: sha512-1r87x5fz9MXqswA2ERLo0EbOAU74DpIUO090gIasYTqlVoJeMcl+Z1Rg7WHz+qtPujhS/hGIt9kxZOYBV3faRQ==}
    dependencies:
      loose-envify: 1.4.0
    dev: false

  /source-map-js/1.0.2:
    resolution: {integrity: sha512-R0XvVJ9WusLiqTCEiGCmICCMplcCkIwwR11mOSD9CR5u+IXYdiseeEuXCVAjS54zqwkLcPNnmU4OeJ6tUrWhDw==}
    engines: {node: '>=0.10.0'}
    dev: false

  /supports-preserve-symlinks-flag/1.0.0:
    resolution: {integrity: sha512-ot0WnXS9fgdkgIcePe6RHNk1WA8+muPa6cSjeR3V8K27q9BB1rTE3R1p7Hv0z1ZyAc8s6Vvv8DIyWf681MAt0w==}
    engines: {node: '>= 0.4'}
    dev: false

  /typescript/4.6.3:
    resolution: {integrity: sha512-yNIatDa5iaofVozS/uQJEl3JRWLKKGJKh6Yaiv0GLGSuhpFJe7P3SbHZ8/yjAHRQwKRoA6YZqlfjXWmVzoVSMw==}
    engines: {node: '>=4.2.0'}
    hasBin: true
    dev: true

  /vite/2.9.5:
    resolution: {integrity: sha512-dvMN64X2YEQgSXF1lYabKXw3BbN6e+BL67+P3Vy4MacnY+UzT1AfkHiioFSi9+uiDUiaDy7Ax/LQqivk6orilg==}
    engines: {node: '>=12.2.0'}
    hasBin: true
    peerDependencies:
      less: '*'
      sass: '*'
      stylus: '*'
    peerDependenciesMeta:
      less:
        optional: true
      sass:
        optional: true
      stylus:
        optional: true
    dependencies:
      esbuild: 0.14.36
      postcss: 8.4.12
      resolve: 1.22.0
      rollup: 2.70.2
    optionalDependencies:
      fsevents: 2.3.2
    dev: false
